
Microsoft Visual Studio Solution File, Format Version 12.00
# Visual Studio Version 16
VisualStudioVersion = 16.0.29519.87
MinimumVisualStudioVersion = 10.0.40219.1
Project("{FAE04EC0-301F-11D3-BF4B-00C04F79EFBC}") = "NameGen", "NameGen\NameGen.csproj", "{4081E8CB-AAF9-4DC6-BF69-DB4FA2A8937C}"
EndProject
Global
	GlobalSection(SolutionConfigurationPlatforms) = preSolution
		Debug|Any CPU = Debug|Any CPU
		Release|Any CPU = Release|Any CPU
	EndGlobalSection
	GlobalSection(ProjectConfigurationPlatforms) = postSolution
		{4081E8CB-AAF9-4DC6-BF69-DB4FA2A8937C}.Debug|Any CPU.ActiveCfg = Debug|Any CPU
		{4081E8CB-AAF9-4DC6-BF69-DB4FA2A8937C}.Debug|Any CPU.Build.0 = Debug|Any CPU
		{4081E8CB-AAF9-4DC6-BF69-DB4FA2A8937C}.Release|Any CPU.ActiveCfg = Release|Any CPU
		{4081E8CB-AAF9-4DC6-BF69-DB4FA2A8937C}.Release|Any CPU.Build.0 = Release|Any CPU
	EndGlobalSection
	GlobalSection(SolutionProperties) = preSolution
		HideSolutionNode = FALSE
	EndGlobalSection
	GlobalSection(ExtensibilityGlobals) = postSolution
		SolutionGuid = {6D645ECF-B981-4C22-AF41-0E6B501BC4D0}
	EndGlobalSection
EndGlobal
